
Microsoft Visual Studio Solution File, Format Version 12.00
# Visual Studio Version 17
VisualStudioVersion = 17.5.002.0
MinimumVisualStudioVersion = 10.0.40219.1
Project("{2150E333-8FDC-42A3-9474-1A3956D46DE8}") = "Backend", "Backend", "{1A1F573F-AD15-4098-AF9A-60249266E4E9}"
EndProject
Project("{9A19103F-16F7-4668-BE54-9A1E7A4F7556}") = "MusicShopAPI", "Backend\MusicShopAPI\MusicShopAPI.csproj", "{032A04E3-169E-4AF0-AC3A-621AAABC9931}"
EndProject
Global
	GlobalSection(SolutionConfigurationPlatforms) = preSolution
		Debug|Any CPU = Debug|Any CPU
		Release|Any CPU = Release|Any CPU
	EndGlobalSection
	GlobalSection(ProjectConfigurationPlatforms) = postSolution
		{032A04E3-169E-4AF0-AC3A-621AAABC9931}.Debug|Any CPU.ActiveCfg = Debug|Any CPU
		{032A04E3-169E-4AF0-AC3A-621AAABC9931}.Debug|Any CPU.Build.0 = Debug|Any CPU
		{032A04E3-169E-4AF0-AC3A-621AAABC9931}.Release|Any CPU.ActiveCfg = Release|Any CPU
		{032A04E3-169E-4AF0-AC3A-621AAABC9931}.Release|Any CPU.Build.0 = Release|Any CPU
	EndGlobalSection
	GlobalSection(SolutionProperties) = preSolution
		HideSolutionNode = FALSE
	EndGlobalSection
	GlobalSection(NestedProjects) = preSolution
		{032A04E3-169E-4AF0-AC3A-621AAABC9931} = {1A1F573F-AD15-4098-AF9A-60249266E4E9}
	EndGlobalSection
	GlobalSection(ExtensibilityGlobals) = postSolution
		SolutionGuid = {52AA5EB3-0061-4F3B-93A1-5E45FE2496AD}
	EndGlobalSection
EndGlobal
